
Microsoft Visual Studio Solution File, Format Version 12.00
# Visual Studio 15
VisualStudioVersion = 15.0.27130.2036
MinimumVisualStudioVersion = 10.0.40219.1
Project("{FAE04EC0-301F-11D3-BF4B-00C04F79EFBC}") = "AppServiceComponent", "AppServiceComponent\AppServiceComponent.csproj", "{D1CEED5E-2018-4603-AC4D-1F3283E0CA56}"
EndProject
Project("{FAE04EC0-301F-11D3-BF4B-00C04F79EFBC}") = "AppServiceProvider", "AppServiceProvider\AppServiceProvider.csproj", "{F59085CC-1E06-45EB-AEEA-C596EE3C9D3B}"
EndProject
Project("{FAE04EC0-301F-11D3-BF4B-00C04F79EFBC}") = "Win32WPFClient", "Win32WPFClient\Win32WPFClient.csproj", "{32B5A817-79DB-4898-81B3-EDE93F61329F}"
EndProject
Global
	GlobalSection(SolutionConfigurationPlatforms) = preSolution
		Debug|ARM = Debug|ARM
		Debug|x64 = Debug|x64
		Debug|x86 = Debug|x86
		Release|ARM = Release|ARM
		Release|x64 = Release|x64
		Release|x86 = Release|x86
	EndGlobalSection
	GlobalSection(ProjectConfigurationPlatforms) = postSolution
		{D1CEED5E-2018-4603-AC4D-1F3283E0CA56}.Debug|ARM.ActiveCfg = Debug|ARM
		{D1CEED5E-2018-4603-AC4D-1F3283E0CA56}.Debug|ARM.Build.0 = Debug|ARM
		{D1CEED5E-2018-4603-AC4D-1F3283E0CA56}.Debug|x64.ActiveCfg = Debug|x64
		{D1CEED5E-2018-4603-AC4D-1F3283E0CA56}.Debug|x64.Build.0 = Debug|x64
		{D1CEED5E-2018-4603-AC4D-1F3283E0CA56}.Debug|x86.ActiveCfg = Debug|x86
		{D1CEED5E-2018-4603-AC4D-1F3283E0CA56}.Debug|x86.Build.0 = Debug|x86
		{D1CEED5E-2018-4603-AC4D-1F3283E0CA56}.Release|ARM.ActiveCfg = Release|ARM
		{D1CEED5E-2018-4603-AC4D-1F3283E0CA56}.Release|ARM.Build.0 = Release|ARM
		{D1CEED5E-2018-4603-AC4D-1F3283E0CA56}.Release|x64.ActiveCfg = Release|x64
		{D1CEED5E-2018-4603-AC4D-1F3283E0CA56}.Release|x64.Build.0 = Release|x64
		{D1CEED5E-2018-4603-AC4D-1F3283E0CA56}.Release|x86.ActiveCfg = Release|x86
		{D1CEED5E-2018-4603-AC4D-1F3283E0CA56}.Release|x86.Build.0 = Release|x86
		{F59085CC-1E06-45EB-AEEA-C596EE3C9D3B}.Debug|ARM.ActiveCfg = Debug|ARM
		{F59085CC-1E06-45EB-AEEA-C596EE3C9D3B}.Debug|ARM.Build.0 = Debug|ARM
		{F59085CC-1E06-45EB-AEEA-C596EE3C9D3B}.Debug|ARM.Deploy.0 = Debug|ARM
		{F59085CC-1E06-45EB-AEEA-C596EE3C9D3B}.Debug|x64.ActiveCfg = Debug|x64
		{F59085CC-1E06-45EB-AEEA-C596EE3C9D3B}.Debug|x64.Build.0 = Debug|x64
		{F59085CC-1E06-45EB-AEEA-C596EE3C9D3B}.Debug|x64.Deploy.0 = Debug|x64
		{F59085CC-1E06-45EB-AEEA-C596EE3C9D3B}.Debug|x86.ActiveCfg = Debug|x86
		{F59085CC-1E06-45EB-AEEA-C596EE3C9D3B}.Debug|x86.Build.0 = Debug|x86
		{F59085CC-1E06-45EB-AEEA-C596EE3C9D3B}.Debug|x86.Deploy.0 = Debug|x86
		{F59085CC-1E06-45EB-AEEA-C596EE3C9D3B}.Release|ARM.ActiveCfg = Release|ARM
		{F59085CC-1E06-45EB-AEEA-C596EE3C9D3B}.Release|ARM.Build.0 = Release|ARM
		{F59085CC-1E06-45EB-AEEA-C596EE3C9D3B}.Release|ARM.Deploy.0 = Release|ARM
		{F59085CC-1E06-45EB-AEEA-C596EE3C9D3B}.Release|x64.ActiveCfg = Release|x64
		{F59085CC-1E06-45EB-AEEA-C596EE3C9D3B}.Release|x64.Build.0 = Release|x64
		{F59085CC-1E06-45EB-AEEA-C596EE3C9D3B}.Release|x64.Deploy.0 = Release|x64
		{F59085CC-1E06-45EB-AEEA-C596EE3C9D3B}.Release|x86.ActiveCfg = Release|x86
		{F59085CC-1E06-45EB-AEEA-C596EE3C9D3B}.Release|x86.Build.0 = Release|x86
		{F59085CC-1E06-45EB-AEEA-C596EE3C9D3B}.Release|x86.Deploy.0 = Release|x86
		{32B5A817-79DB-4898-81B3-EDE93F61329F}.Debug|ARM.ActiveCfg = Debug|x64
		{32B5A817-79DB-4898-81B3-EDE93F61329F}.Debug|x64.ActiveCfg = Debug|x64
		{32B5A817-79DB-4898-81B3-EDE93F61329F}.Debug|x64.Build.0 = Debug|x64
		{32B5A817-79DB-4898-81B3-EDE93F61329F}.Debug|x86.ActiveCfg = Debug|x64
		{32B5A817-79DB-4898-81B3-EDE93F61329F}.Release|ARM.ActiveCfg = Release|x64
		{32B5A817-79DB-4898-81B3-EDE93F61329F}.Release|x64.ActiveCfg = Release|x64
		{32B5A817-79DB-4898-81B3-EDE93F61329F}.Release|x64.Build.0 = Release|x64
		{32B5A817-79DB-4898-81B3-EDE93F61329F}.Release|x86.ActiveCfg = Release|x64
	EndGlobalSection
	GlobalSection(SolutionProperties) = preSolution
		HideSolutionNode = FALSE
	EndGlobalSection
	GlobalSection(ExtensibilityGlobals) = postSolution
		SolutionGuid = {9D2C62F0-CA73-4BD8-9D49-217736275CE9}
	EndGlobalSection
EndGlobal
